
Microsoft Visual Studio Solution File, Format Version 12.00
# Visual Studio Version 16
VisualStudioVersion = 16.0.31702.278
MinimumVisualStudioVersion = 10.0.40219.1
Project("{9A19103F-16F7-4668-BE54-9A1E7A4F7556}") = "Test", "Test\Test.csproj", "{42AD323A-65B4-460B-865D-B93F35E3300F}"
EndProject
Project("{9A19103F-16F7-4668-BE54-9A1E7A4F7556}") = "StorEntrypoint", "StorEntrypoint\StorEntrypoint.csproj", "{91A019FB-875D-4AD5-95C5-2BA33C2FFDE9}"
EndProject
Global
	GlobalSection(SolutionConfigurationPlatforms) = preSolution
		Debug|Any CPU = Debug|Any CPU
		Release|Any CPU = Release|Any CPU
	EndGlobalSection
	GlobalSection(ProjectConfigurationPlatforms) = postSolution
		{42AD323A-65B4-460B-865D-B93F35E3300F}.Debug|Any CPU.ActiveCfg = Debug|Any CPU
		{42AD323A-65B4-460B-865D-B93F35E3300F}.Debug|Any CPU.Build.0 = Debug|Any CPU
		{42AD323A-65B4-460B-865D-B93F35E3300F}.Release|Any CPU.ActiveCfg = Release|Any CPU
		{42AD323A-65B4-460B-865D-B93F35E3300F}.Release|Any CPU.Build.0 = Release|Any CPU
		{91A019FB-875D-4AD5-95C5-2BA33C2FFDE9}.Debug|Any CPU.ActiveCfg = Debug|Any CPU
		{91A019FB-875D-4AD5-95C5-2BA33C2FFDE9}.Debug|Any CPU.Build.0 = Debug|Any CPU
		{91A019FB-875D-4AD5-95C5-2BA33C2FFDE9}.Release|Any CPU.ActiveCfg = Release|Any CPU
		{91A019FB-875D-4AD5-95C5-2BA33C2FFDE9}.Release|Any CPU.Build.0 = Release|Any CPU
	EndGlobalSection
	GlobalSection(SolutionProperties) = preSolution
		HideSolutionNode = FALSE
	EndGlobalSection
	GlobalSection(ExtensibilityGlobals) = postSolution
		SolutionGuid = {A3B640E9-8521-49AD-AE0C-F01B12A578E7}
	EndGlobalSection
EndGlobal
